
Microsoft Visual Studio Solution File, Format Version 12.00
# Visual Studio Version 17
VisualStudioVersion = 17.7.34031.279
MinimumVisualStudioVersion = 10.0.40219.1
Project("{FAE04EC0-301F-11D3-BF4B-00C04F79EFBC}") = "VaccinationsWF", "VaccinationsWF.csproj", "{F233659F-2722-404C-8E85-3FDBC0134719}"
EndProject
Global
	GlobalSection(SolutionConfigurationPlatforms) = preSolution
		Debug|Any CPU = Debug|Any CPU
		Release|Any CPU = Release|Any CPU
	EndGlobalSection
	GlobalSection(ProjectConfigurationPlatforms) = postSolution
		{F233659F-2722-404C-8E85-3FDBC0134719}.Debug|Any CPU.ActiveCfg = Debug|Any CPU
		{F233659F-2722-404C-8E85-3FDBC0134719}.Debug|Any CPU.Build.0 = Debug|Any CPU
		{F233659F-2722-404C-8E85-3FDBC0134719}.Release|Any CPU.ActiveCfg = Release|Any CPU
		{F233659F-2722-404C-8E85-3FDBC0134719}.Release|Any CPU.Build.0 = Release|Any CPU
	EndGlobalSection
	GlobalSection(SolutionProperties) = preSolution
		HideSolutionNode = FALSE
	EndGlobalSection
	GlobalSection(ExtensibilityGlobals) = postSolution
		SolutionGuid = {02A4F2B9-D3E7-4EFF-8B1D-6E7C1258B7D2}
	EndGlobalSection
EndGlobal
